// !$*UTF8*$!
{
	archiveVersion = 1;
	classes = {
	};
	objectVersion = 56;
	objects = {

/* Begin PBXBuildFile section */
		12921A1829DBF41A00FD61F8 /* Kingfisher in Frameworks */ = {isa = PBXBuildFile; productRef = 12921A1729DBF41A00FD61F8 /* Kingfisher */; };
		12921A1B29DC17B000FD61F8 /* Extension + Collection.swift in Sources */ = {isa = PBXBuildFile; fileRef = 12921A1A29DC17B000FD61F8 /* Extension + Collection.swift */; };
		12FDDF2A29DB0C4C00DA90BB /* AppDelegate.swift in Sources */ = {isa = PBXBuildFile; fileRef = 12FDDF2929DB0C4C00DA90BB /* AppDelegate.swift */; };
		12FDDF3429DB0C4C00DA90BB /* Hammer.xcdatamodeld in Sources */ = {isa = PBXBuildFile; fileRef = 12FDDF3229DB0C4C00DA90BB /* Hammer.xcdatamodeld */; };
		12FDDF3629DB0C4E00DA90BB /* Assets.xcassets in Resources */ = {isa = PBXBuildFile; fileRef = 12FDDF3529DB0C4E00DA90BB /* Assets.xcassets */; };
		12FDDF3929DB0C4E00DA90BB /* LaunchScreen.storyboard in Resources */ = {isa = PBXBuildFile; fileRef = 12FDDF3729DB0C4E00DA90BB /* LaunchScreen.storyboard */; };
		12FDDF4529DB0DA400DA90BB /* Afisha.swift in Sources */ = {isa = PBXBuildFile; fileRef = 12FDDF4429DB0DA400DA90BB /* Afisha.swift */; };
		12FDDF4829DB0E9100DA90BB /* TabBarViewController.swift in Sources */ = {isa = PBXBuildFile; fileRef = 12FDDF4729DB0E9100DA90BB /* TabBarViewController.swift */; };
		12FDDF4A29DB0ED500DA90BB /* TabBarConfigurator.swift in Sources */ = {isa = PBXBuildFile; fileRef = 12FDDF4929DB0ED500DA90BB /* TabBarConfigurator.swift */; };
		12FDDF4D29DB0FD700DA90BB /* MainViewController.swift in Sources */ = {isa = PBXBuildFile; fileRef = 12FDDF4C29DB0FD700DA90BB /* MainViewController.swift */; };
		12FDDF4F29DB10A800DA90BB /* MainInteractor.swift in Sources */ = {isa = PBXBuildFile; fileRef = 12FDDF4E29DB10A800DA90BB /* MainInteractor.swift */; };
		12FDDF5129DB10E000DA90BB /* MainPresenter.swift in Sources */ = {isa = PBXBuildFile; fileRef = 12FDDF5029DB10E000DA90BB /* MainPresenter.swift */; };
		12FDDF5329DB116300DA90BB /* MainConfigurator.swift in Sources */ = {isa = PBXBuildFile; fileRef = 12FDDF5229DB116300DA90BB /* MainConfigurator.swift */; };
		12FDDF5629DB122800DA90BB /* NetworkManager.swift in Sources */ = {isa = PBXBuildFile; fileRef = 12FDDF5529DB122800DA90BB /* NetworkManager.swift */; };
		12FDDF5929DB1E3700DA90BB /* MainCellViewModel.swift in Sources */ = {isa = PBXBuildFile; fileRef = 12FDDF5829DB1E3700DA90BB /* MainCellViewModel.swift */; };
		12FDDF5B29DB20D800DA90BB /* MainCell.swift in Sources */ = {isa = PBXBuildFile; fileRef = 12FDDF5A29DB20D800DA90BB /* MainCell.swift */; };
		12FDDF5E29DB337600DA90BB /* BannerCellViewModel.swift in Sources */ = {isa = PBXBuildFile; fileRef = 12FDDF5D29DB337600DA90BB /* BannerCellViewModel.swift */; };
		12FDDF6029DB348A00DA90BB /* BannerCell.swift in Sources */ = {isa = PBXBuildFile; fileRef = 12FDDF5F29DB348A00DA90BB /* BannerCell.swift */; };
		12FDDF6229DB38B300DA90BB /* BannerImage.swift in Sources */ = {isa = PBXBuildFile; fileRef = 12FDDF6129DB38B300DA90BB /* BannerImage.swift */; };
		12FDDF6529DB48D900DA90BB /* CinemasCellViewModel.swift in Sources */ = {isa = PBXBuildFile; fileRef = 12FDDF6429DB48D900DA90BB /* CinemasCellViewModel.swift */; };
		12FDDF6729DB497400DA90BB /* CinemasCell.swift in Sources */ = {isa = PBXBuildFile; fileRef = 12FDDF6629DB497400DA90BB /* CinemasCell.swift */; };
		12FDDF6A29DB593400DA90BB /* CitiesTableViewController.swift in Sources */ = {isa = PBXBuildFile; fileRef = 12FDDF6929DB593400DA90BB /* CitiesTableViewController.swift */; };
		12FDDF6C29DB59A800DA90BB /* CitiesInteractor.swift in Sources */ = {isa = PBXBuildFile; fileRef = 12FDDF6B29DB59A800DA90BB /* CitiesInteractor.swift */; };
		12FDDF6E29DB59B700DA90BB /* CitiesPresenter.swift in Sources */ = {isa = PBXBuildFile; fileRef = 12FDDF6D29DB59B700DA90BB /* CitiesPresenter.swift */; };
		12FDDF7029DB59E000DA90BB /* CitiesConfigurator.swift in Sources */ = {isa = PBXBuildFile; fileRef = 12FDDF6F29DB59E000DA90BB /* CitiesConfigurator.swift */; };
		12FDDF7229DB5E1900DA90BB /* MainRouter.swift in Sources */ = {isa = PBXBuildFile; fileRef = 12FDDF7129DB5E1900DA90BB /* MainRouter.swift */; };
		12FDDF7529DB60CE00DA90BB /* CitiesCellViewModel.swift in Sources */ = {isa = PBXBuildFile; fileRef = 12FDDF7429DB60CE00DA90BB /* CitiesCellViewModel.swift */; };
		12FDDF7729DB62A900DA90BB /* CitiesCell.swift in Sources */ = {isa = PBXBuildFile; fileRef = 12FDDF7629DB62A900DA90BB /* CitiesCell.swift */; };
/* End PBXBuildFile section */

/* Begin PBXFileReference section */
		12921A1A29DC17B000FD61F8 /* Extension + Collection.swift */ = {isa = PBXFileReference; lastKnownFileType = sourcecode.swift; path = "Extension + Collection.swift"; sourceTree = "<group>"; };
		12FDDF2629DB0C4C00DA90BB /* Hammer.app */ = {isa = PBXFileReference; explicitFileType = wrapper.application; includeInIndex = 0; path = Hammer.app; sourceTree = BUILT_PRODUCTS_DIR; };
		12FDDF2929DB0C4C00DA90BB /* AppDelegate.swift */ = {isa = PBXFileReference; lastKnownFileType = sourcecode.swift; path = AppDelegate.swift; sourceTree = "<group>"; };
		12FDDF3329DB0C4C00DA90BB /* Hammer.xcdatamodel */ = {isa = PBXFileReference; lastKnownFileType = wrapper.xcdatamodel; path = Hammer.xcdatamodel; sourceTree = "<group>"; };
		12FDDF3529DB0C4E00DA90BB /* Assets.xcassets */ = {isa = PBXFileReference; lastKnownFileType = folder.assetcatalog; path = Assets.xcassets; sourceTree = "<group>"; };
		12FDDF3829DB0C4E00DA90BB /* Base */ = {isa = PBXFileReference; lastKnownFileType = file.storyboard; name = Base; path = Base.lproj/LaunchScreen.storyboard; sourceTree = "<group>"; };
		12FDDF3A29DB0C4E00DA90BB /* Info.plist */ = {isa = PBXFileReference; lastKnownFileType = text.plist.xml; path = Info.plist; sourceTree = "<group>"; };
		12FDDF4429DB0DA400DA90BB /* Afisha.swift */ = {isa = PBXFileReference; lastKnownFileType = sourcecode.swift; path = Afisha.swift; sourceTree = "<group>"; };
		12FDDF4729DB0E9100DA90BB /* TabBarViewController.swift */ = {isa = PBXFileReference; lastKnownFileType = sourcecode.swift; path = TabBarViewController.swift; sourceTree = "<group>"; };
		12FDDF4929DB0ED500DA90BB /* TabBarConfigurator.swift */ = {isa = PBXFileReference; lastKnownFileType = sourcecode.swift; path = TabBarConfigurator.swift; sourceTree = "<group>"; };
		12FDDF4C29DB0FD700DA90BB /* MainViewController.swift */ = {isa = PBXFileReference; lastKnownFileType = sourcecode.swift; path = MainViewController.swift; sourceTree = "<group>"; };
		12FDDF4E29DB10A800DA90BB /* MainInteractor.swift */ = {isa = PBXFileReference; lastKnownFileType = sourcecode.swift; path = MainInteractor.swift; sourceTree = "<group>"; };
		12FDDF5029DB10E000DA90BB /* MainPresenter.swift */ = {isa = PBXFileReference; lastKnownFileType = sourcecode.swift; path = MainPresenter.swift; sourceTree = "<group>"; };
		12FDDF5229DB116300DA90BB /* MainConfigurator.swift */ = {isa = PBXFileReference; lastKnownFileType = sourcecode.swift; path = MainConfigurator.swift; sourceTree = "<group>"; };
		12FDDF5529DB122800DA90BB /* NetworkManager.swift */ = {isa = PBXFileReference; lastKnownFileType = sourcecode.swift; path = NetworkManager.swift; sourceTree = "<group>"; };
		12FDDF5829DB1E3700DA90BB /* MainCellViewModel.swift */ = {isa = PBXFileReference; lastKnownFileType = sourcecode.swift; path = MainCellViewModel.swift; sourceTree = "<group>"; };
		12FDDF5A29DB20D800DA90BB /* MainCell.swift */ = {isa = PBXFileReference; lastKnownFileType = sourcecode.swift; path = MainCell.swift; sourceTree = "<group>"; };
		12FDDF5D29DB337600DA90BB /* BannerCellViewModel.swift */ = {isa = PBXFileReference; lastKnownFileType = sourcecode.swift; path = BannerCellViewModel.swift; sourceTree = "<group>"; };
		12FDDF5F29DB348A00DA90BB /* BannerCell.swift */ = {isa = PBXFileReference; lastKnownFileType = sourcecode.swift; path = BannerCell.swift; sourceTree = "<group>"; };
		12FDDF6129DB38B300DA90BB /* BannerImage.swift */ = {isa = PBXFileReference; lastKnownFileType = sourcecode.swift; path = BannerImage.swift; sourceTree = "<group>"; };
		12FDDF6429DB48D900DA90BB /* CinemasCellViewModel.swift */ = {isa = PBXFileReference; lastKnownFileType = sourcecode.swift; path = CinemasCellViewModel.swift; sourceTree = "<group>"; };
		12FDDF6629DB497400DA90BB /* CinemasCell.swift */ = {isa = PBXFileReference; lastKnownFileType = sourcecode.swift; path = CinemasCell.swift; sourceTree = "<group>"; };
		12FDDF6929DB593400DA90BB /* CitiesTableViewController.swift */ = {isa = PBXFileReference; lastKnownFileType = sourcecode.swift; path = CitiesTableViewController.swift; sourceTree = "<group>"; };
		12FDDF6B29DB59A800DA90BB /* CitiesInteractor.swift */ = {isa = PBXFileReference; lastKnownFileType = sourcecode.swift; path = CitiesInteractor.swift; sourceTree = "<group>"; };
		12FDDF6D29DB59B700DA90BB /* CitiesPresenter.swift */ = {isa = PBXFileReference; lastKnownFileType = sourcecode.swift; path = CitiesPresenter.swift; sourceTree = "<group>"; };
		12FDDF6F29DB59E000DA90BB /* CitiesConfigurator.swift */ = {isa = PBXFileReference; lastKnownFileType = sourcecode.swift; path = CitiesConfigurator.swift; sourceTree = "<group>"; };
		12FDDF7129DB5E1900DA90BB /* MainRouter.swift */ = {isa = PBXFileReference; lastKnownFileType = sourcecode.swift; path = MainRouter.swift; sourceTree = "<group>"; };
		12FDDF7429DB60CE00DA90BB /* CitiesCellViewModel.swift */ = {isa = PBXFileReference; lastKnownFileType = sourcecode.swift; path = CitiesCellViewModel.swift; sourceTree = "<group>"; };
		12FDDF7629DB62A900DA90BB /* CitiesCell.swift */ = {isa = PBXFileReference; lastKnownFileType = sourcecode.swift; path = CitiesCell.swift; sourceTree = "<group>"; };
/* End PBXFileReference section */

/* Begin PBXFrameworksBuildPhase section */
		12FDDF2329DB0C4C00DA90BB /* Frameworks */ = {
			isa = PBXFrameworksBuildPhase;
			buildActionMask = 2147483647;
			files = (
				12921A1829DBF41A00FD61F8 /* Kingfisher in Frameworks */,
			);
			runOnlyForDeploymentPostprocessing = 0;
		};
/* End PBXFrameworksBuildPhase section */

/* Begin PBXGroup section */
		12921A1929DC175B00FD61F8 /* Extensions */ = {
			isa = PBXGroup;
			children = (
				12921A1A29DC17B000FD61F8 /* Extension + Collection.swift */,
			);
			path = Extensions;
			sourceTree = "<group>";
		};
		12FDDF1D29DB0C4C00DA90BB = {
			isa = PBXGroup;
			children = (
				12FDDF2829DB0C4C00DA90BB /* Hammer */,
				12FDDF2729DB0C4C00DA90BB /* Products */,
			);
			sourceTree = "<group>";
		};
		12FDDF2729DB0C4C00DA90BB /* Products */ = {
			isa = PBXGroup;
			children = (
				12FDDF2629DB0C4C00DA90BB /* Hammer.app */,
			);
			name = Products;
			sourceTree = "<group>";
		};
		12FDDF2829DB0C4C00DA90BB /* Hammer */ = {
			isa = PBXGroup;
			children = (
				12FDDF4629DB0E4400DA90BB /* TabBar */,
				12FDDF6829DB58EA00DA90BB /* Cities */,
				12FDDF4B29DB0F9200DA90BB /* Main */,
				12FDDF4329DB0D4100DA90BB /* Model */,
				12FDDF4029DB0CF900DA90BB /* SupportFiles */,
				12FDDF4129DB0D0B00DA90BB /* Resources */,
				12FDDF5429DB120E00DA90BB /* Services */,
				12FDDF4229DB0D1A00DA90BB /* Storyboards */,
				12921A1929DC175B00FD61F8 /* Extensions */,
				12FDDF3229DB0C4C00DA90BB /* Hammer.xcdatamodeld */,
			);
			path = Hammer;
			sourceTree = "<group>";
		};
		12FDDF4029DB0CF900DA90BB /* SupportFiles */ = {
			isa = PBXGroup;
			children = (
				12FDDF2929DB0C4C00DA90BB /* AppDelegate.swift */,
				12FDDF3A29DB0C4E00DA90BB /* Info.plist */,
			);
			path = SupportFiles;
			sourceTree = "<group>";
		};
		12FDDF4129DB0D0B00DA90BB /* Resources */ = {
			isa = PBXGroup;
			children = (
				12FDDF3529DB0C4E00DA90BB /* Assets.xcassets */,
				12FDDF6129DB38B300DA90BB /* BannerImage.swift */,
			);
			path = Resources;
			sourceTree = "<group>";
		};
		12FDDF4229DB0D1A00DA90BB /* Storyboards */ = {
			isa = PBXGroup;
			children = (
				12FDDF3729DB0C4E00DA90BB /* LaunchScreen.storyboard */,
			);
			path = Storyboards;
			sourceTree = "<group>";
		};
		12FDDF4329DB0D4100DA90BB /* Model */ = {
			isa = PBXGroup;
			children = (
				12FDDF4429DB0DA400DA90BB /* Afisha.swift */,
			);
			path = Model;
			sourceTree = "<group>";
		};
		12FDDF4629DB0E4400DA90BB /* TabBar */ = {
			isa = PBXGroup;
			children = (
				12FDDF4729DB0E9100DA90BB /* TabBarViewController.swift */,
				12FDDF4929DB0ED500DA90BB /* TabBarConfigurator.swift */,
			);
			path = TabBar;
			sourceTree = "<group>";
		};
		12FDDF4B29DB0F9200DA90BB /* Main */ = {
			isa = PBXGroup;
			children = (
				12FDDF6329DB48B600DA90BB /* CinemasCell */,
				12FDDF5C29DB334F00DA90BB /* BannerCell */,
				12FDDF5729DB1E1200DA90BB /* MainCell */,
				12FDDF4C29DB0FD700DA90BB /* MainViewController.swift */,
				12FDDF4E29DB10A800DA90BB /* MainInteractor.swift */,
				12FDDF5029DB10E000DA90BB /* MainPresenter.swift */,
				12FDDF7129DB5E1900DA90BB /* MainRouter.swift */,
				12FDDF5229DB116300DA90BB /* MainConfigurator.swift */,
			);
			path = Main;
			sourceTree = "<group>";
		};
		12FDDF5429DB120E00DA90BB /* Services */ = {
			isa = PBXGroup;
			children = (
				12FDDF5529DB122800DA90BB /* NetworkManager.swift */,
			);
			path = Services;
			sourceTree = "<group>";
		};
		12FDDF5729DB1E1200DA90BB /* MainCell */ = {
			isa = PBXGroup;
			children = (
				12FDDF5829DB1E3700DA90BB /* MainCellViewModel.swift */,
				12FDDF5A29DB20D800DA90BB /* MainCell.swift */,
			);
			path = MainCell;
			sourceTree = "<group>";
		};
		12FDDF5C29DB334F00DA90BB /* BannerCell */ = {
			isa = PBXGroup;
			children = (
				12FDDF5D29DB337600DA90BB /* BannerCellViewModel.swift */,
				12FDDF5F29DB348A00DA90BB /* BannerCell.swift */,
			);
			path = BannerCell;
			sourceTree = "<group>";
		};
		12FDDF6329DB48B600DA90BB /* CinemasCell */ = {
			isa = PBXGroup;
			children = (
				12FDDF6429DB48D900DA90BB /* CinemasCellViewModel.swift */,
				12FDDF6629DB497400DA90BB /* CinemasCell.swift */,
			);
			path = CinemasCell;
			sourceTree = "<group>";
		};
		12FDDF6829DB58EA00DA90BB /* Cities */ = {
			isa = PBXGroup;
			children = (
				12FDDF7329DB60B900DA90BB /* CitiesCell */,
				12FDDF6929DB593400DA90BB /* CitiesTableViewController.swift */,
				12FDDF6B29DB59A800DA90BB /* CitiesInteractor.swift */,
				12FDDF6D29DB59B700DA90BB /* CitiesPresenter.swift */,
				12FDDF6F29DB59E000DA90BB /* CitiesConfigurator.swift */,
			);
			path = Cities;
			sourceTree = "<group>";
		};
		12FDDF7329DB60B900DA90BB /* CitiesCell */ = {
			isa = PBXGroup;
			children = (
				12FDDF7429DB60CE00DA90BB /* CitiesCellViewModel.swift */,
				12FDDF7629DB62A900DA90BB /* CitiesCell.swift */,
			);
			path = CitiesCell;
			sourceTree = "<group>";
		};
/* End PBXGroup section */

/* Begin PBXNativeTarget section */
		12FDDF2529DB0C4C00DA90BB /* Hammer */ = {
			isa = PBXNativeTarget;
			buildConfigurationList = 12FDDF3D29DB0C4E00DA90BB /* Build configuration list for PBXNativeTarget "Hammer" */;
			buildPhases = (
				12FDDF2229DB0C4C00DA90BB /* Sources */,
				12FDDF2329DB0C4C00DA90BB /* Frameworks */,
				12FDDF2429DB0C4C00DA90BB /* Resources */,
			);
			buildRules = (
			);
			dependencies = (
			);
			name = Hammer;
			packageProductDependencies = (
				12921A1729DBF41A00FD61F8 /* Kingfisher */,
			);
			productName = Hammer;
			productReference = 12FDDF2629DB0C4C00DA90BB /* Hammer.app */;
			productType = "com.apple.product-type.application";
		};
/* End PBXNativeTarget section */

/* Begin PBXProject section */
		12FDDF1E29DB0C4C00DA90BB /* Project object */ = {
			isa = PBXProject;
			attributes = {
				BuildIndependentTargetsInParallel = 1;
				LastSwiftUpdateCheck = 1430;
				LastUpgradeCheck = 1430;
				TargetAttributes = {
					12FDDF2529DB0C4C00DA90BB = {
						CreatedOnToolsVersion = 14.3;
					};
				};
			};
			buildConfigurationList = 12FDDF2129DB0C4C00DA90BB /* Build configuration list for PBXProject "Hammer" */;
			compatibilityVersion = "Xcode 14.0";
			developmentRegion = en;
			hasScannedForEncodings = 0;
			knownRegions = (
				en,
				Base,
			);
			mainGroup = 12FDDF1D29DB0C4C00DA90BB;
			packageReferences = (
				12921A1629DBF41A00FD61F8 /* XCRemoteSwiftPackageReference "Kingfisher" */,
			);
			productRefGroup = 12FDDF2729DB0C4C00DA90BB /* Products */;
			projectDirPath = "";
			projectRoot = "";
			targets = (
				12FDDF2529DB0C4C00DA90BB /* Hammer */,
			);
		};
/* End PBXProject section */

/* Begin PBXResourcesBuildPhase section */
		12FDDF2429DB0C4C00DA90BB /* Resources */ = {
			isa = PBXResourcesBuildPhase;
			buildActionMask = 2147483647;
			files = (
				12FDDF3929DB0C4E00DA90BB /* LaunchScreen.storyboard in Resources */,
				12FDDF3629DB0C4E00DA90BB /* Assets.xcassets in Resources */,
			);
			runOnlyForDeploymentPostprocessing = 0;
		};
/* End PBXResourcesBuildPhase section */

/* Begin PBXSourcesBuildPhase section */
		12FDDF2229DB0C4C00DA90BB /* Sources */ = {
			isa = PBXSourcesBuildPhase;
			buildActionMask = 2147483647;
			files = (
				12FDDF4829DB0E9100DA90BB /* TabBarViewController.swift in Sources */,
				12FDDF6529DB48D900DA90BB /* CinemasCellViewModel.swift in Sources */,
				12FDDF6A29DB593400DA90BB /* CitiesTableViewController.swift in Sources */,
				12FDDF6729DB497400DA90BB /* CinemasCell.swift in Sources */,
				12FDDF5E29DB337600DA90BB /* BannerCellViewModel.swift in Sources */,
				12FDDF6E29DB59B700DA90BB /* CitiesPresenter.swift in Sources */,
				12FDDF4A29DB0ED500DA90BB /* TabBarConfigurator.swift in Sources */,
				12FDDF5B29DB20D800DA90BB /* MainCell.swift in Sources */,
				12FDDF7029DB59E000DA90BB /* CitiesConfigurator.swift in Sources */,
				12FDDF7229DB5E1900DA90BB /* MainRouter.swift in Sources */,
				12FDDF5629DB122800DA90BB /* NetworkManager.swift in Sources */,
				12FDDF5929DB1E3700DA90BB /* MainCellViewModel.swift in Sources */,
				12921A1B29DC17B000FD61F8 /* Extension + Collection.swift in Sources */,
				12FDDF5329DB116300DA90BB /* MainConfigurator.swift in Sources */,
				12FDDF6029DB348A00DA90BB /* BannerCell.swift in Sources */,
				12FDDF6C29DB59A800DA90BB /* CitiesInteractor.swift in Sources */,
				12FDDF6229DB38B300DA90BB /* BannerImage.swift in Sources */,
				12FDDF3429DB0C4C00DA90BB /* Hammer.xcdatamodeld in Sources */,
				12FDDF5129DB10E000DA90BB /* MainPresenter.swift in Sources */,
				12FDDF4D29DB0FD700DA90BB /* MainViewController.swift in Sources */,
				12FDDF2A29DB0C4C00DA90BB /* AppDelegate.swift in Sources */,
				12FDDF7729DB62A900DA90BB /* CitiesCell.swift in Sources */,
				12FDDF4F29DB10A800DA90BB /* MainInteractor.swift in Sources */,
				12FDDF4529DB0DA400DA90BB /* Afisha.swift in Sources */,
				12FDDF7529DB60CE00DA90BB /* CitiesCellViewModel.swift in Sources */,
			);
			runOnlyForDeploymentPostprocessing = 0;
		};
/* End PBXSourcesBuildPhase section */

/* Begin PBXVariantGroup section */
		12FDDF3729DB0C4E00DA90BB /* LaunchScreen.storyboard */ = {
			isa = PBXVariantGroup;
			children = (
				12FDDF3829DB0C4E00DA90BB /* Base */,
			);
			name = LaunchScreen.storyboard;
			sourceTree = "<group>";
		};
/* End PBXVariantGroup section */

/* Begin XCBuildConfiguration section */
		12FDDF3B29DB0C4E00DA90BB /* Debug */ = {
			isa = XCBuildConfiguration;
			buildSettings = {
				ALWAYS_SEARCH_USER_PATHS = NO;
				CLANG_ANALYZER_NONNULL = YES;
				CLANG_ANALYZER_NUMBER_OBJECT_CONVERSION = YES_AGGRESSIVE;
				CLANG_CXX_LANGUAGE_STANDARD = "gnu++20";
				CLANG_ENABLE_MODULES = YES;
				CLANG_ENABLE_OBJC_ARC = YES;
				CLANG_ENABLE_OBJC_WEAK = YES;
				CLANG_WARN_BLOCK_CAPTURE_AUTORELEASING = YES;
				CLANG_WARN_BOOL_CONVERSION = YES;
				CLANG_WARN_COMMA = YES;
				CLANG_WARN_CONSTANT_CONVERSION = YES;
				CLANG_WARN_DEPRECATED_OBJC_IMPLEMENTATIONS = YES;
				CLANG_WARN_DIRECT_OBJC_ISA_USAGE = YES_ERROR;
				CLANG_WARN_DOCUMENTATION_COMMENTS = YES;
				CLANG_WARN_EMPTY_BODY = YES;
				CLANG_WARN_ENUM_CONVERSION = YES;
				CLANG_WARN_INFINITE_RECURSION = YES;
				CLANG_WARN_INT_CONVERSION = YES;
				CLANG_WARN_NON_LITERAL_NULL_CONVERSION = YES;
				CLANG_WARN_OBJC_IMPLICIT_RETAIN_SELF = YES;
				CLANG_WARN_OBJC_LITERAL_CONVERSION = YES;
				CLANG_WARN_OBJC_ROOT_CLASS = YES_ERROR;
				CLANG_WARN_QUOTED_INCLUDE_IN_FRAMEWORK_HEADER = YES;
				CLANG_WARN_RANGE_LOOP_ANALYSIS = YES;
				CLANG_WARN_STRICT_PROTOTYPES = YES;
				CLANG_WARN_SUSPICIOUS_MOVE = YES;
				CLANG_WARN_UNGUARDED_AVAILABILITY = YES_AGGRESSIVE;
				CLANG_WARN_UNREACHABLE_CODE = YES;
				CLANG_WARN__DUPLICATE_METHOD_MATCH = YES;
				COPY_PHASE_STRIP = NO;
				DEBUG_INFORMATION_FORMAT = dwarf;
				ENABLE_STRICT_OBJC_MSGSEND = YES;
				ENABLE_TESTABILITY = YES;
				GCC_C_LANGUAGE_STANDARD = gnu11;
				GCC_DYNAMIC_NO_PIC = NO;
				GCC_NO_COMMON_BLOCKS = YES;
				GCC_OPTIMIZATION_LEVEL = 0;
				GCC_PREPROCESSOR_DEFINITIONS = (
					"DEBUG=1",
					"$(inherited)",
				);
				GCC_WARN_64_TO_32_BIT_CONVERSION = YES;
				GCC_WARN_ABOUT_RETURN_TYPE = YES_ERROR;
				GCC_WARN_UNDECLARED_SELECTOR = YES;
				GCC_WARN_UNINITIALIZED_AUTOS = YES_AGGRESSIVE;
				GCC_WARN_UNUSED_FUNCTION = YES;
				GCC_WARN_UNUSED_VARIABLE = YES;
				IPHONEOS_DEPLOYMENT_TARGET = 16.4;
				MTL_ENABLE_DEBUG_INFO = INCLUDE_SOURCE;
				MTL_FAST_MATH = YES;
				ONLY_ACTIVE_ARCH = YES;
				SDKROOT = iphoneos;
				SWIFT_ACTIVE_COMPILATION_CONDITIONS = DEBUG;
				SWIFT_OPTIMIZATION_LEVEL = "-Onone";
			};
			name = Debug;
		};
		12FDDF3C29DB0C4E00DA90BB /* Release */ = {
			isa = XCBuildConfiguration;
			buildSettings = {
				ALWAYS_SEARCH_USER_PATHS = NO;
				CLANG_ANALYZER_NONNULL = YES;
				CLANG_ANALYZER_NUMBER_OBJECT_CONVERSION = YES_AGGRESSIVE;
				CLANG_CXX_LANGUAGE_STANDARD = "gnu++20";
				CLANG_ENABLE_MODULES = YES;
				CLANG_ENABLE_OBJC_ARC = YES;
				CLANG_ENABLE_OBJC_WEAK = YES;
				CLANG_WARN_BLOCK_CAPTURE_AUTORELEASING = YES;
				CLANG_WARN_BOOL_CONVERSION = YES;
				CLANG_WARN_COMMA = YES;
				CLANG_WARN_CONSTANT_CONVERSION = YES;
				CLANG_WARN_DEPRECATED_OBJC_IMPLEMENTATIONS = YES;
				CLANG_WARN_DIRECT_OBJC_ISA_USAGE = YES_ERROR;
				CLANG_WARN_DOCUMENTATION_COMMENTS = YES;
				CLANG_WARN_EMPTY_BODY = YES;
				CLANG_WARN_ENUM_CONVERSION = YES;
				CLANG_WARN_INFINITE_RECURSION = YES;
				CLANG_WARN_INT_CONVERSION = YES;
				CLANG_WARN_NON_LITERAL_NULL_CONVERSION = YES;
				CLANG_WARN_OBJC_IMPLICIT_RETAIN_SELF = YES;
				CLANG_WARN_OBJC_LITERAL_CONVERSION = YES;
				CLANG_WARN_OBJC_ROOT_CLASS = YES_ERROR;
				CLANG_WARN_QUOTED_INCLUDE_IN_FRAMEWORK_HEADER = YES;
				CLANG_WARN_RANGE_LOOP_ANALYSIS = YES;
				CLANG_WARN_STRICT_PROTOTYPES = YES;
				CLANG_WARN_SUSPICIOUS_MOVE = YES;
				CLANG_WARN_UNGUARDED_AVAILABILITY = YES_AGGRESSIVE;
				CLANG_WARN_UNREACHABLE_CODE = YES;
				CLANG_WARN__DUPLICATE_METHOD_MATCH = YES;
				COPY_PHASE_STRIP = NO;
				DEBUG_INFORMATION_FORMAT = "dwarf-with-dsym";
				ENABLE_NS_ASSERTIONS = NO;
				ENABLE_STRICT_OBJC_MSGSEND = YES;
				GCC_C_LANGUAGE_STANDARD = gnu11;
				GCC_NO_COMMON_BLOCKS = YES;
				GCC_WARN_64_TO_32_BIT_CONVERSION = YES;
				GCC_WARN_ABOUT_RETURN_TYPE = YES_ERROR;
				GCC_WARN_UNDECLARED_SELECTOR = YES;
				GCC_WARN_UNINITIALIZED_AUTOS = YES_AGGRESSIVE;
				GCC_WARN_UNUSED_FUNCTION = YES;
				GCC_WARN_UNUSED_VARIABLE = YES;
				IPHONEOS_DEPLOYMENT_TARGET = 16.4;
				MTL_ENABLE_DEBUG_INFO = NO;
				MTL_FAST_MATH = YES;
				SDKROOT = iphoneos;
				SWIFT_COMPILATION_MODE = wholemodule;
				SWIFT_OPTIMIZATION_LEVEL = "-O";
				VALIDATE_PRODUCT = YES;
			};
			name = Release;
		};
		12FDDF3E29DB0C4E00DA90BB /* Debug */ = {
			isa = XCBuildConfiguration;
			buildSettings = {
				ASSETCATALOG_COMPILER_APPICON_NAME = AppIcon;
				ASSETCATALOG_COMPILER_GLOBAL_ACCENT_COLOR_NAME = AccentColor;
				CODE_SIGN_STYLE = Automatic;
				CURRENT_PROJECT_VERSION = 1;
				DEVELOPMENT_TEAM = J8Z93HAU9N;
				GENERATE_INFOPLIST_FILE = YES;
				INFOPLIST_FILE = Hammer/SupportFiles/Info.plist;
				INFOPLIST_KEY_UIApplicationSupportsIndirectInputEvents = YES;
				INFOPLIST_KEY_UILaunchStoryboardName = LaunchScreen.storyboard;
				INFOPLIST_KEY_UISupportedInterfaceOrientations = "UIInterfaceOrientationLandscapeLeft UIInterfaceOrientationLandscapeRight UIInterfaceOrientationPortrait";
				INFOPLIST_KEY_UISupportedInterfaceOrientations_iPad = UIInterfaceOrientationPortrait;
				IPHONEOS_DEPLOYMENT_TARGET = 16.2;
				LD_RUNPATH_SEARCH_PATHS = (
					"$(inherited)",
					"@executable_path/Frameworks",
				);
				MARKETING_VERSION = 1.0;
				PRODUCT_BUNDLE_IDENTIFIER = com.BodikovKuat.Hammer;
				PRODUCT_NAME = "$(TARGET_NAME)";
				SUPPORTED_PLATFORMS = "iphoneos iphonesimulator";
				SUPPORTS_MACCATALYST = NO;
				SUPPORTS_MAC_DESIGNED_FOR_IPHONE_IPAD = NO;
				SWIFT_EMIT_LOC_STRINGS = YES;
				SWIFT_VERSION = 5.0;
				TARGETED_DEVICE_FAMILY = 1;
			};
			name = Debug;
		};
		12FDDF3F29DB0C4E00DA90BB /* Release */ = {
			isa = XCBuildConfiguration;
			buildSettings = {
				ASSETCATALOG_COMPILER_APPICON_NAME = AppIcon;
				ASSETCATALOG_COMPILER_GLOBAL_ACCENT_COLOR_NAME = AccentColor;
				CODE_SIGN_STYLE = Automatic;
				CURRENT_PROJECT_VERSION = 1;
				DEVELOPMENT_TEAM = J8Z93HAU9N;
				GENERATE_INFOPLIST_FILE = YES;
				INFOPLIST_FILE = Hammer/SupportFiles/Info.plist;
				INFOPLIST_KEY_UIApplicationSupportsIndirectInputEvents = YES;
				INFOPLIST_KEY_UILaunchStoryboardName = LaunchScreen.storyboard;
				INFOPLIST_KEY_UISupportedInterfaceOrientations = "UIInterfaceOrientationLandscapeLeft UIInterfaceOrientationLandscapeRight UIInterfaceOrientationPortrait";
				INFOPLIST_KEY_UISupportedInterfaceOrientations_iPad = UIInterfaceOrientationPortrait;
				IPHONEOS_DEPLOYMENT_TARGET = 16.2;
				LD_RUNPATH_SEARCH_PATHS = (
					"$(inherited)",
					"@executable_path/Frameworks",
				);
				MARKETING_VERSION = 1.0;
				PRODUCT_BUNDLE_IDENTIFIER = com.BodikovKuat.Hammer;
				PRODUCT_NAME = "$(TARGET_NAME)";
				SUPPORTED_PLATFORMS = "iphoneos iphonesimulator";
				SUPPORTS_MACCATALYST = NO;
				SUPPORTS_MAC_DESIGNED_FOR_IPHONE_IPAD = NO;
				SWIFT_EMIT_LOC_STRINGS = YES;
				SWIFT_VERSION = 5.0;
				TARGETED_DEVICE_FAMILY = 1;
			};
			name = Release;
		};
/* End XCBuildConfiguration section */

/* Begin XCConfigurationList section */
		12FDDF2129DB0C4C00DA90BB /* Build configuration list for PBXProject "Hammer" */ = {
			isa = XCConfigurationList;
			buildConfigurations = (
				12FDDF3B29DB0C4E00DA90BB /* Debug */,
				12FDDF3C29DB0C4E00DA90BB /* Release */,
			);
			defaultConfigurationIsVisible = 0;
			defaultConfigurationName = Release;
		};
		12FDDF3D29DB0C4E00DA90BB /* Build configuration list for PBXNativeTarget "Hammer" */ = {
			isa = XCConfigurationList;
			buildConfigurations = (
				12FDDF3E29DB0C4E00DA90BB /* Debug */,
				12FDDF3F29DB0C4E00DA90BB /* Release */,
			);
			defaultConfigurationIsVisible = 0;
			defaultConfigurationName = Release;
		};
/* End XCConfigurationList section */

/* Begin XCRemoteSwiftPackageReference section */
		12921A1629DBF41A00FD61F8 /* XCRemoteSwiftPackageReference "Kingfisher" */ = {
			isa = XCRemoteSwiftPackageReference;
			repositoryURL = "https://github.com/onevcat/Kingfisher.git";
			requirement = {
				kind = upToNextMajorVersion;
				minimumVersion = 7.0.0;
			};
		};
/* End XCRemoteSwiftPackageReference section */

/* Begin XCSwiftPackageProductDependency section */
		12921A1729DBF41A00FD61F8 /* Kingfisher */ = {
			isa = XCSwiftPackageProductDependency;
			package = 12921A1629DBF41A00FD61F8 /* XCRemoteSwiftPackageReference "Kingfisher" */;
			productName = Kingfisher;
		};
/* End XCSwiftPackageProductDependency section */

/* Begin XCVersionGroup section */
		12FDDF3229DB0C4C00DA90BB /* Hammer.xcdatamodeld */ = {
			isa = XCVersionGroup;
			children = (
				12FDDF3329DB0C4C00DA90BB /* Hammer.xcdatamodel */,
			);
			currentVersion = 12FDDF3329DB0C4C00DA90BB /* Hammer.xcdatamodel */;
			path = Hammer.xcdatamodeld;
			sourceTree = "<group>";
			versionGroupType = wrapper.xcdatamodel;
		};
/* End XCVersionGroup section */
	};
	rootObject = 12FDDF1E29DB0C4C00DA90BB /* Project object */;
}
